
Microsoft Visual Studio Solution File, Format Version 12.00
# Visual Studio 14
VisualStudioVersion = 14.0.24720.0
MinimumVisualStudioVersion = 10.0.40219.1
Project("{8BC9CEB8-8B4A-11D0-8D11-00A0C91BC942}") = "2721", "2721\2721.vcxproj", "{AA158CD3-8152-4423-AC54-FC1216C62F14}"
EndProject
Project("{8BC9CEB8-8B4A-11D0-8D11-00A0C91BC942}") = "2722", "2722\2722.vcxproj", "{3D37CEA9-4AB6-4CD6-BC2D-9EA36D452390}"
EndProject
Project("{8BC9CEB8-8B4A-11D0-8D11-00A0C91BC942}") = "2723", "2723\2723.vcxproj", "{5697702A-DD8E-4675-A65A-B05B6C5D9D8B}"
EndProject
Project("{8BC9CEB8-8B4A-11D0-8D11-00A0C91BC942}") = "2724", "2724\2724.vcxproj", "{7D11F6AE-DA55-4BC7-8DDA-BAB3BCEC2DC5}"
EndProject
Project("{8BC9CEB8-8B4A-11D0-8D11-00A0C91BC942}") = "2725", "2725\2725.vcxproj", "{F8334EB8-1E23-4CCA-B2A7-3AA88B8965DE}"
EndProject
Project("{8BC9CEB8-8B4A-11D0-8D11-00A0C91BC942}") = "2726", "2726\2726.vcxproj", "{F714475C-9B09-4A56-8FD0-9EE163F966D9}"
EndProject
Project("{8BC9CEB8-8B4A-11D0-8D11-00A0C91BC942}") = "2731", "2731\2731.vcxproj", "{6B9E0D5A-8137-423B-8368-6E1D944A4A44}"
EndProject
Project("{8BC9CEB8-8B4A-11D0-8D11-00A0C91BC942}") = "2732", "2732\2732.vcxproj", "{389CFF03-2AF0-4769-A90A-233BC0031E6E}"
EndProject
Project("{8BC9CEB8-8B4A-11D0-8D11-00A0C91BC942}") = "2737", "2737\2737.vcxproj", "{BDC9BC52-1137-4CAA-9A09-92D110C49213}"
EndProject
Project("{8BC9CEB8-8B4A-11D0-8D11-00A0C91BC942}") = "2738", "2738\2738.vcxproj", "{82C8CD30-AB2E-4245-BFFB-01229AD52F11}"
EndProject
Project("{8BC9CEB8-8B4A-11D0-8D11-00A0C91BC942}") = "2740", "2740\2740.vcxproj", "{90D0FA3F-93C9-45AD-9C05-7584515B3208}"
EndProject
Project("{8BC9CEB8-8B4A-11D0-8D11-00A0C91BC942}") = "2742", "2742\2742.vcxproj", "{111F0D19-49EF-4B8F-9D23-D0DEEC1724FA}"
EndProject
Project("{8BC9CEB8-8B4A-11D0-8D11-00A0C91BC942}") = "2743", "2743\2743.vcxproj", "{AF841B01-21A4-4269-9077-91C11C84E4C0}"
EndProject
Project("{8BC9CEB8-8B4A-11D0-8D11-00A0C91BC942}") = "2746", "2746\2746.vcxproj", "{5EBBD036-0E33-4895-B807-2C94D63C6410}"
EndProject
Project("{8BC9CEB8-8B4A-11D0-8D11-00A0C91BC942}") = "2748", "2748\2748.vcxproj", "{B48B7F5A-6A0A-43E2-8A18-145E7DFB09B0}"
EndProject
Project("{8BC9CEB8-8B4A-11D0-8D11-00A0C91BC942}") = "2749", "2749\2749.vcxproj", "{68DB24BE-4408-4A3F-8CD8-3785A9482C82}"
EndProject
Project("{8BC9CEB8-8B4A-11D0-8D11-00A0C91BC942}") = "2752", "2752\2752.vcxproj", "{F8F64312-0ABB-4410-9239-6356DB83CBD3}"
EndProject
Project("{2150E333-8FDC-42A3-9474-1A3956D46DE8}") = "2000-2999", "2000-2999", "{4C489EC2-CAB8-4245-B62B-F3D4DAF8D83D}"
EndProject
Project("{8BC9CEB8-8B4A-11D0-8D11-00A0C91BC942}") = "2753", "2753\2753.vcxproj", "{2FD2DED6-1885-4303-9FE9-026E7E2F2805}"
EndProject
Project("{8BC9CEB8-8B4A-11D0-8D11-00A0C91BC942}") = "2758", "2758\2758.vcxproj", "{5709DC45-36F1-412B-A97C-9BEC2D98A621}"
EndProject
Project("{8BC9CEB8-8B4A-11D0-8D11-00A0C91BC942}") = "2764", "2764\2764.vcxproj", "{417A5FC7-BA18-4A70-A1FE-A4BB69B2F28B}"
EndProject
Project("{8BC9CEB8-8B4A-11D0-8D11-00A0C91BC942}") = "2767", "2767\2767.vcxproj", "{09A4C68D-BDF2-4B61-AD1D-402A075654EA}"
EndProject
Project("{8BC9CEB8-8B4A-11D0-8D11-00A0C91BC942}") = "1011", "1011\1011.vcxproj", "{213256DA-9A42-445B-B7E3-C6E886B19492}"
EndProject
Project("{8BC9CEB8-8B4A-11D0-8D11-00A0C91BC942}") = "2910", "2910\2910.vcxproj", "{607304D3-7806-4972-9564-30327DA13D0F}"
EndProject
Project("{8BC9CEB8-8B4A-11D0-8D11-00A0C91BC942}") = "2951", "2951\2951.vcxproj", "{924F17C6-5F0F-4CAF-9835-395E9CEBA6C7}"
EndProject
Project("{8BC9CEB8-8B4A-11D0-8D11-00A0C91BC942}") = "1969", "1969\1969.vcxproj", "{010BAF3E-12D6-4D08-A112-ED37A23DF5CD}"
EndProject
Project("{8BC9CEB8-8B4A-11D0-8D11-00A0C91BC942}") = "4112", "4112\4112.vcxproj", "{0A63B941-4E7F-4C51-BFB4-27BDD584054C}"
EndProject
Project("{8BC9CEB8-8B4A-11D0-8D11-00A0C91BC942}") = "4087", "4087\4087.vcxproj", "{782C79F4-29D1-47B6-AB36-5A9F0402DA33}"
EndProject
Project("{8BC9CEB8-8B4A-11D0-8D11-00A0C91BC942}") = "2911", "2911\2911.vcxproj", "{4885B7A1-11C1-4916-A37C-9CD0CD9084FE}"
EndProject
Project("{8BC9CEB8-8B4A-11D0-8D11-00A0C91BC942}") = "2885", "2885\2885.vcxproj", "{BCC98C29-96FE-4584-89F7-3979A4232D4E}"
EndProject
Project("{8BC9CEB8-8B4A-11D0-8D11-00A0C91BC942}") = "2856", "2856\2856.vcxproj", "{5FEC12AC-B6BC-4E39-B7B4-1DC8F497937E}"
EndProject
Project("{8BC9CEB8-8B4A-11D0-8D11-00A0C91BC942}") = "2855", "2855\2855.vcxproj", "{5F5A579A-8A07-4F11-B93C-F3812C431A19}"
EndProject
Project("{8BC9CEB8-8B4A-11D0-8D11-00A0C91BC942}") = "2854", "2854\2854.vcxproj", "{265C105B-AB8F-4E40-B910-67386A957D9D}"
EndProject
Project("{8BC9CEB8-8B4A-11D0-8D11-00A0C91BC942}") = "2869", "2869\2869.vcxproj", "{2C2C2574-9D08-47ED-A24B-9274249C453D}"
EndProject
Project("{8BC9CEB8-8B4A-11D0-8D11-00A0C91BC942}") = "2870", "2870\2870.vcxproj", "{EDB73E67-237F-4EF2-9BA9-3A862D0E91DE}"
EndProject
Project("{8BC9CEB8-8B4A-11D0-8D11-00A0C91BC942}") = "2871", "2871\2871.vcxproj", "{EE803683-82BF-4060-BB26-2454D0E8DD1E}"
EndProject
Project("{8BC9CEB8-8B4A-11D0-8D11-00A0C91BC942}") = "2909", "2909\2909.vcxproj", "{DCA5AD39-6857-45A8-89A9-31C735C85682}"
EndProject
Project("{8BC9CEB8-8B4A-11D0-8D11-00A0C91BC942}") = "3681", "3681\3681.vcxproj", "{003D4652-BDA4-4BC5-B93F-32D8D17F1BA6}"
EndProject
Project("{8BC9CEB8-8B4A-11D0-8D11-00A0C91BC942}") = "3179", "3179\3179.vcxproj", "{248D7826-6834-4AE0-BC95-89039F8FEF3C}"
EndProject
Project("{8BC9CEB8-8B4A-11D0-8D11-00A0C91BC942}") = "1118", "1118\1118.vcxproj", "{DD86C852-3ECD-43D9-BBFA-DA43B742421E}"
EndProject
Project("{8BC9CEB8-8B4A-11D0-8D11-00A0C91BC942}") = "3006", "3006\3006.vcxproj", "{67EF1E71-617B-44BA-BA35-2A92ED8BBD96}"
EndProject
Global
	GlobalSection(SolutionConfigurationPlatforms) = preSolution
		Debug|x64 = Debug|x64
		Debug|x86 = Debug|x86
		Release|x64 = Release|x64
		Release|x86 = Release|x86
	EndGlobalSection
	GlobalSection(ProjectConfigurationPlatforms) = postSolution
		{AA158CD3-8152-4423-AC54-FC1216C62F14}.Debug|x64.ActiveCfg = Debug|x64
		{AA158CD3-8152-4423-AC54-FC1216C62F14}.Debug|x64.Build.0 = Debug|x64
		{AA158CD3-8152-4423-AC54-FC1216C62F14}.Debug|x86.ActiveCfg = Debug|Win32
		{AA158CD3-8152-4423-AC54-FC1216C62F14}.Debug|x86.Build.0 = Debug|Win32
		{AA158CD3-8152-4423-AC54-FC1216C62F14}.Release|x64.ActiveCfg = Release|x64
		{AA158CD3-8152-4423-AC54-FC1216C62F14}.Release|x64.Build.0 = Release|x64
		{AA158CD3-8152-4423-AC54-FC1216C62F14}.Release|x86.ActiveCfg = Release|Win32
		{AA158CD3-8152-4423-AC54-FC1216C62F14}.Release|x86.Build.0 = Release|Win32
		{3D37CEA9-4AB6-4CD6-BC2D-9EA36D452390}.Debug|x64.ActiveCfg = Debug|x64
		{3D37CEA9-4AB6-4CD6-BC2D-9EA36D452390}.Debug|x64.Build.0 = Debug|x64
		{3D37CEA9-4AB6-4CD6-BC2D-9EA36D452390}.Debug|x86.ActiveCfg = Debug|Win32
		{3D37CEA9-4AB6-4CD6-BC2D-9EA36D452390}.Debug|x86.Build.0 = Debug|Win32
		{3D37CEA9-4AB6-4CD6-BC2D-9EA36D452390}.Release|x64.ActiveCfg = Release|x64
		{3D37CEA9-4AB6-4CD6-BC2D-9EA36D452390}.Release|x64.Build.0 = Release|x64
		{3D37CEA9-4AB6-4CD6-BC2D-9EA36D452390}.Release|x86.ActiveCfg = Release|Win32
		{3D37CEA9-4AB6-4CD6-BC2D-9EA36D452390}.Release|x86.Build.0 = Release|Win32
		{5697702A-DD8E-4675-A65A-B05B6C5D9D8B}.Debug|x64.ActiveCfg = Debug|x64
		{5697702A-DD8E-4675-A65A-B05B6C5D9D8B}.Debug|x64.Build.0 = Debug|x64
		{5697702A-DD8E-4675-A65A-B05B6C5D9D8B}.Debug|x86.ActiveCfg = Debug|Win32
		{5697702A-DD8E-4675-A65A-B05B6C5D9D8B}.Debug|x86.Build.0 = Debug|Win32
		{5697702A-DD8E-4675-A65A-B05B6C5D9D8B}.Release|x64.ActiveCfg = Release|x64
		{5697702A-DD8E-4675-A65A-B05B6C5D9D8B}.Release|x64.Build.0 = Release|x64
		{5697702A-DD8E-4675-A65A-B05B6C5D9D8B}.Release|x86.ActiveCfg = Release|Win32
		{5697702A-DD8E-4675-A65A-B05B6C5D9D8B}.Release|x86.Build.0 = Release|Win32
		{7D11F6AE-DA55-4BC7-8DDA-BAB3BCEC2DC5}.Debug|x64.ActiveCfg = Debug|x64
		{7D11F6AE-DA55-4BC7-8DDA-BAB3BCEC2DC5}.Debug|x64.Build.0 = Debug|x64
		{7D11F6AE-DA55-4BC7-8DDA-BAB3BCEC2DC5}.Debug|x86.ActiveCfg = Debug|Win32
		{7D11F6AE-DA55-4BC7-8DDA-BAB3BCEC2DC5}.Debug|x86.Build.0 = Debug|Win32
		{7D11F6AE-DA55-4BC7-8DDA-BAB3BCEC2DC5}.Release|x64.ActiveCfg = Release|x64
		{7D11F6AE-DA55-4BC7-8DDA-BAB3BCEC2DC5}.Release|x64.Build.0 = Release|x64
		{7D11F6AE-DA55-4BC7-8DDA-BAB3BCEC2DC5}.Release|x86.ActiveCfg = Release|Win32
		{7D11F6AE-DA55-4BC7-8DDA-BAB3BCEC2DC5}.Release|x86.Build.0 = Release|Win32
		{F8334EB8-1E23-4CCA-B2A7-3AA88B8965DE}.Debug|x64.ActiveCfg = Debug|x64
		{F8334EB8-1E23-4CCA-B2A7-3AA88B8965DE}.Debug|x64.Build.0 = Debug|x64
		{F8334EB8-1E23-4CCA-B2A7-3AA88B8965DE}.Debug|x86.ActiveCfg = Debug|Win32
		{F8334EB8-1E23-4CCA-B2A7-3AA88B8965DE}.Debug|x86.Build.0 = Debug|Win32
		{F8334EB8-1E23-4CCA-B2A7-3AA88B8965DE}.Release|x64.ActiveCfg = Release|x64
		{F8334EB8-1E23-4CCA-B2A7-3AA88B8965DE}.Release|x64.Build.0 = Release|x64
		{F8334EB8-1E23-4CCA-B2A7-3AA88B8965DE}.Release|x86.ActiveCfg = Release|Win32
		{F8334EB8-1E23-4CCA-B2A7-3AA88B8965DE}.Release|x86.Build.0 = Release|Win32
		{F714475C-9B09-4A56-8FD0-9EE163F966D9}.Debug|x64.ActiveCfg = Debug|x64
		{F714475C-9B09-4A56-8FD0-9EE163F966D9}.Debug|x64.Build.0 = Debug|x64
		{F714475C-9B09-4A56-8FD0-9EE163F966D9}.Debug|x86.ActiveCfg = Debug|Win32
		{F714475C-9B09-4A56-8FD0-9EE163F966D9}.Debug|x86.Build.0 = Debug|Win32
		{F714475C-9B09-4A56-8FD0-9EE163F966D9}.Release|x64.ActiveCfg = Release|x64
		{F714475C-9B09-4A56-8FD0-9EE163F966D9}.Release|x64.Build.0 = Release|x64
		{F714475C-9B09-4A56-8FD0-9EE163F966D9}.Release|x86.ActiveCfg = Release|Win32
		{F714475C-9B09-4A56-8FD0-9EE163F966D9}.Release|x86.Build.0 = Release|Win32
		{6B9E0D5A-8137-423B-8368-6E1D944A4A44}.Debug|x64.ActiveCfg = Debug|x64
		{6B9E0D5A-8137-423B-8368-6E1D944A4A44}.Debug|x64.Build.0 = Debug|x64
		{6B9E0D5A-8137-423B-8368-6E1D944A4A44}.Debug|x86.ActiveCfg = Debug|Win32
		{6B9E0D5A-8137-423B-8368-6E1D944A4A44}.Debug|x86.Build.0 = Debug|Win32
		{6B9E0D5A-8137-423B-8368-6E1D944A4A44}.Release|x64.ActiveCfg = Release|x64
		{6B9E0D5A-8137-423B-8368-6E1D944A4A44}.Release|x64.Build.0 = Release|x64
		{6B9E0D5A-8137-423B-8368-6E1D944A4A44}.Release|x86.ActiveCfg = Release|Win32
		{6B9E0D5A-8137-423B-8368-6E1D944A4A44}.Release|x86.Build.0 = Release|Win32
		{389CFF03-2AF0-4769-A90A-233BC0031E6E}.Debug|x64.ActiveCfg = Debug|x64
		{389CFF03-2AF0-4769-A90A-233BC0031E6E}.Debug|x64.Build.0 = Debug|x64
		{389CFF03-2AF0-4769-A90A-233BC0031E6E}.Debug|x86.ActiveCfg = Debug|Win32
		{389CFF03-2AF0-4769-A90A-233BC0031E6E}.Debug|x86.Build.0 = Debug|Win32
		{389CFF03-2AF0-4769-A90A-233BC0031E6E}.Release|x64.ActiveCfg = Release|x64
		{389CFF03-2AF0-4769-A90A-233BC0031E6E}.Release|x64.Build.0 = Release|x64
		{389CFF03-2AF0-4769-A90A-233BC0031E6E}.Release|x86.ActiveCfg = Release|Win32
		{389CFF03-2AF0-4769-A90A-233BC0031E6E}.Release|x86.Build.0 = Release|Win32
		{BDC9BC52-1137-4CAA-9A09-92D110C49213}.Debug|x64.ActiveCfg = Debug|x64
		{BDC9BC52-1137-4CAA-9A09-92D110C49213}.Debug|x64.Build.0 = Debug|x64
		{BDC9BC52-1137-4CAA-9A09-92D110C49213}.Debug|x86.ActiveCfg = Debug|Win32
		{BDC9BC52-1137-4CAA-9A09-92D110C49213}.Debug|x86.Build.0 = Debug|Win32
		{BDC9BC52-1137-4CAA-9A09-92D110C49213}.Release|x64.ActiveCfg = Release|x64
		{BDC9BC52-1137-4CAA-9A09-92D110C49213}.Release|x64.Build.0 = Release|x64
		{BDC9BC52-1137-4CAA-9A09-92D110C49213}.Release|x86.ActiveCfg = Release|Win32
		{BDC9BC52-1137-4CAA-9A09-92D110C49213}.Release|x86.Build.0 = Release|Win32
		{82C8CD30-AB2E-4245-BFFB-01229AD52F11}.Debug|x64.ActiveCfg = Debug|x64
		{82C8CD30-AB2E-4245-BFFB-01229AD52F11}.Debug|x64.Build.0 = Debug|x64
		{82C8CD30-AB2E-4245-BFFB-01229AD52F11}.Debug|x86.ActiveCfg = Debug|Win32
		{82C8CD30-AB2E-4245-BFFB-01229AD52F11}.Debug|x86.Build.0 = Debug|Win32
		{82C8CD30-AB2E-4245-BFFB-01229AD52F11}.Release|x64.ActiveCfg = Release|x64
		{82C8CD30-AB2E-4245-BFFB-01229AD52F11}.Release|x64.Build.0 = Release|x64
		{82C8CD30-AB2E-4245-BFFB-01229AD52F11}.Release|x86.ActiveCfg = Release|Win32
		{82C8CD30-AB2E-4245-BFFB-01229AD52F11}.Release|x86.Build.0 = Release|Win32
		{90D0FA3F-93C9-45AD-9C05-7584515B3208}.Debug|x64.ActiveCfg = Debug|x64
		{90D0FA3F-93C9-45AD-9C05-7584515B3208}.Debug|x64.Build.0 = Debug|x64
		{90D0FA3F-93C9-45AD-9C05-7584515B3208}.Debug|x86.ActiveCfg = Debug|Win32
		{90D0FA3F-93C9-45AD-9C05-7584515B3208}.Debug|x86.Build.0 = Debug|Win32
		{90D0FA3F-93C9-45AD-9C05-7584515B3208}.Release|x64.ActiveCfg = Release|x64
		{90D0FA3F-93C9-45AD-9C05-7584515B3208}.Release|x64.Build.0 = Release|x64
		{90D0FA3F-93C9-45AD-9C05-7584515B3208}.Release|x86.ActiveCfg = Release|Win32
		{90D0FA3F-93C9-45AD-9C05-7584515B3208}.Release|x86.Build.0 = Release|Win32
		{111F0D19-49EF-4B8F-9D23-D0DEEC1724FA}.Debug|x64.ActiveCfg = Debug|x64
		{111F0D19-49EF-4B8F-9D23-D0DEEC1724FA}.Debug|x64.Build.0 = Debug|x64
		{111F0D19-49EF-4B8F-9D23-D0DEEC1724FA}.Debug|x86.ActiveCfg = Debug|Win32
		{111F0D19-49EF-4B8F-9D23-D0DEEC1724FA}.Debug|x86.Build.0 = Debug|Win32
		{111F0D19-49EF-4B8F-9D23-D0DEEC1724FA}.Release|x64.ActiveCfg = Release|x64
		{111F0D19-49EF-4B8F-9D23-D0DEEC1724FA}.Release|x64.Build.0 = Release|x64
		{111F0D19-49EF-4B8F-9D23-D0DEEC1724FA}.Release|x86.ActiveCfg = Release|Win32
		{111F0D19-49EF-4B8F-9D23-D0DEEC1724FA}.Release|x86.Build.0 = Release|Win32
		{AF841B01-21A4-4269-9077-91C11C84E4C0}.Debug|x64.ActiveCfg = Debug|x64
		{AF841B01-21A4-4269-9077-91C11C84E4C0}.Debug|x64.Build.0 = Debug|x64
		{AF841B01-21A4-4269-9077-91C11C84E4C0}.Debug|x86.ActiveCfg = Debug|Win32
		{AF841B01-21A4-4269-9077-91C11C84E4C0}.Debug|x86.Build.0 = Debug|Win32
		{AF841B01-21A4-4269-9077-91C11C84E4C0}.Release|x64.ActiveCfg = Release|x64
		{AF841B01-21A4-4269-9077-91C11C84E4C0}.Release|x64.Build.0 = Release|x64
		{AF841B01-21A4-4269-9077-91C11C84E4C0}.Release|x86.ActiveCfg = Release|Win32
		{AF841B01-21A4-4269-9077-91C11C84E4C0}.Release|x86.Build.0 = Release|Win32
		{5EBBD036-0E33-4895-B807-2C94D63C6410}.Debug|x64.ActiveCfg = Debug|x64
		{5EBBD036-0E33-4895-B807-2C94D63C6410}.Debug|x64.Build.0 = Debug|x64
		{5EBBD036-0E33-4895-B807-2C94D63C6410}.Debug|x86.ActiveCfg = Debug|Win32
		{5EBBD036-0E33-4895-B807-2C94D63C6410}.Debug|x86.Build.0 = Debug|Win32
		{5EBBD036-0E33-4895-B807-2C94D63C6410}.Release|x64.ActiveCfg = Release|x64
		{5EBBD036-0E33-4895-B807-2C94D63C6410}.Release|x64.Build.0 = Release|x64
		{5EBBD036-0E33-4895-B807-2C94D63C6410}.Release|x86.ActiveCfg = Release|Win32
		{5EBBD036-0E33-4895-B807-2C94D63C6410}.Release|x86.Build.0 = Release|Win32
		{B48B7F5A-6A0A-43E2-8A18-145E7DFB09B0}.Debug|x64.ActiveCfg = Debug|x64
		{B48B7F5A-6A0A-43E2-8A18-145E7DFB09B0}.Debug|x64.Build.0 = Debug|x64
		{B48B7F5A-6A0A-43E2-8A18-145E7DFB09B0}.Debug|x86.ActiveCfg = Debug|Win32
		{B48B7F5A-6A0A-43E2-8A18-145E7DFB09B0}.Debug|x86.Build.0 = Debug|Win32
		{B48B7F5A-6A0A-43E2-8A18-145E7DFB09B0}.Release|x64.ActiveCfg = Release|x64
		{B48B7F5A-6A0A-43E2-8A18-145E7DFB09B0}.Release|x64.Build.0 = Release|x64
		{B48B7F5A-6A0A-43E2-8A18-145E7DFB09B0}.Release|x86.ActiveCfg = Release|Win32
		{B48B7F5A-6A0A-43E2-8A18-145E7DFB09B0}.Release|x86.Build.0 = Release|Win32
		{68DB24BE-4408-4A3F-8CD8-3785A9482C82}.Debug|x64.ActiveCfg = Debug|x64
		{68DB24BE-4408-4A3F-8CD8-3785A9482C82}.Debug|x64.Build.0 = Debug|x64
		{68DB24BE-4408-4A3F-8CD8-3785A9482C82}.Debug|x86.ActiveCfg = Debug|Win32
		{68DB24BE-4408-4A3F-8CD8-3785A9482C82}.Debug|x86.Build.0 = Debug|Win32
		{68DB24BE-4408-4A3F-8CD8-3785A9482C82}.Release|x64.ActiveCfg = Release|x64
		{68DB24BE-4408-4A3F-8CD8-3785A9482C82}.Release|x64.Build.0 = Release|x64
		{68DB24BE-4408-4A3F-8CD8-3785A9482C82}.Release|x86.ActiveCfg = Release|Win32
		{68DB24BE-4408-4A3F-8CD8-3785A9482C82}.Release|x86.Build.0 = Release|Win32
		{F8F64312-0ABB-4410-9239-6356DB83CBD3}.Debug|x64.ActiveCfg = Debug|x64
		{F8F64312-0ABB-4410-9239-6356DB83CBD3}.Debug|x64.Build.0 = Debug|x64
		{F8F64312-0ABB-4410-9239-6356DB83CBD3}.Debug|x86.ActiveCfg = Debug|Win32
		{F8F64312-0ABB-4410-9239-6356DB83CBD3}.Debug|x86.Build.0 = Debug|Win32
		{F8F64312-0ABB-4410-9239-6356DB83CBD3}.Release|x64.ActiveCfg = Release|x64
		{F8F64312-0ABB-4410-9239-6356DB83CBD3}.Release|x64.Build.0 = Release|x64
		{F8F64312-0ABB-4410-9239-6356DB83CBD3}.Release|x86.ActiveCfg = Release|Win32
		{F8F64312-0ABB-4410-9239-6356DB83CBD3}.Release|x86.Build.0 = Release|Win32
		{2FD2DED6-1885-4303-9FE9-026E7E2F2805}.Debug|x64.ActiveCfg = Debug|x64
		{2FD2DED6-1885-4303-9FE9-026E7E2F2805}.Debug|x64.Build.0 = Debug|x64
		{2FD2DED6-1885-4303-9FE9-026E7E2F2805}.Debug|x86.ActiveCfg = Debug|Win32
		{2FD2DED6-1885-4303-9FE9-026E7E2F2805}.Debug|x86.Build.0 = Debug|Win32
		{2FD2DED6-1885-4303-9FE9-026E7E2F2805}.Release|x64.ActiveCfg = Release|x64
		{2FD2DED6-1885-4303-9FE9-026E7E2F2805}.Release|x64.Build.0 = Release|x64
		{2FD2DED6-1885-4303-9FE9-026E7E2F2805}.Release|x86.ActiveCfg = Release|Win32
		{2FD2DED6-1885-4303-9FE9-026E7E2F2805}.Release|x86.Build.0 = Release|Win32
		{5709DC45-36F1-412B-A97C-9BEC2D98A621}.Debug|x64.ActiveCfg = Debug|x64
		{5709DC45-36F1-412B-A97C-9BEC2D98A621}.Debug|x64.Build.0 = Debug|x64
		{5709DC45-36F1-412B-A97C-9BEC2D98A621}.Debug|x86.ActiveCfg = Debug|Win32
		{5709DC45-36F1-412B-A97C-9BEC2D98A621}.Debug|x86.Build.0 = Debug|Win32
		{5709DC45-36F1-412B-A97C-9BEC2D98A621}.Release|x64.ActiveCfg = Release|x64
		{5709DC45-36F1-412B-A97C-9BEC2D98A621}.Release|x64.Build.0 = Release|x64
		{5709DC45-36F1-412B-A97C-9BEC2D98A621}.Release|x86.ActiveCfg = Release|Win32
		{5709DC45-36F1-412B-A97C-9BEC2D98A621}.Release|x86.Build.0 = Release|Win32
		{417A5FC7-BA18-4A70-A1FE-A4BB69B2F28B}.Debug|x64.ActiveCfg = Debug|x64
		{417A5FC7-BA18-4A70-A1FE-A4BB69B2F28B}.Debug|x64.Build.0 = Debug|x64
		{417A5FC7-BA18-4A70-A1FE-A4BB69B2F28B}.Debug|x86.ActiveCfg = Debug|Win32
		{417A5FC7-BA18-4A70-A1FE-A4BB69B2F28B}.Debug|x86.Build.0 = Debug|Win32
		{417A5FC7-BA18-4A70-A1FE-A4BB69B2F28B}.Release|x64.ActiveCfg = Release|x64
		{417A5FC7-BA18-4A70-A1FE-A4BB69B2F28B}.Release|x64.Build.0 = Release|x64
		{417A5FC7-BA18-4A70-A1FE-A4BB69B2F28B}.Release|x86.ActiveCfg = Release|Win32
		{417A5FC7-BA18-4A70-A1FE-A4BB69B2F28B}.Release|x86.Build.0 = Release|Win32
		{09A4C68D-BDF2-4B61-AD1D-402A075654EA}.Debug|x64.ActiveCfg = Debug|x64
		{09A4C68D-BDF2-4B61-AD1D-402A075654EA}.Debug|x64.Build.0 = Debug|x64
		{09A4C68D-BDF2-4B61-AD1D-402A075654EA}.Debug|x86.ActiveCfg = Debug|Win32
		{09A4C68D-BDF2-4B61-AD1D-402A075654EA}.Debug|x86.Build.0 = Debug|Win32
		{09A4C68D-BDF2-4B61-AD1D-402A075654EA}.Release|x64.ActiveCfg = Release|x64
		{09A4C68D-BDF2-4B61-AD1D-402A075654EA}.Release|x64.Build.0 = Release|x64
		{09A4C68D-BDF2-4B61-AD1D-402A075654EA}.Release|x86.ActiveCfg = Release|Win32
		{09A4C68D-BDF2-4B61-AD1D-402A075654EA}.Release|x86.Build.0 = Release|Win32
		{213256DA-9A42-445B-B7E3-C6E886B19492}.Debug|x64.ActiveCfg = Debug|x64
		{213256DA-9A42-445B-B7E3-C6E886B19492}.Debug|x64.Build.0 = Debug|x64
		{213256DA-9A42-445B-B7E3-C6E886B19492}.Debug|x86.ActiveCfg = Debug|Win32
		{213256DA-9A42-445B-B7E3-C6E886B19492}.Debug|x86.Build.0 = Debug|Win32
		{213256DA-9A42-445B-B7E3-C6E886B19492}.Release|x64.ActiveCfg = Release|x64
		{213256DA-9A42-445B-B7E3-C6E886B19492}.Release|x64.Build.0 = Release|x64
		{213256DA-9A42-445B-B7E3-C6E886B19492}.Release|x86.ActiveCfg = Release|Win32
		{213256DA-9A42-445B-B7E3-C6E886B19492}.Release|x86.Build.0 = Release|Win32
		{607304D3-7806-4972-9564-30327DA13D0F}.Debug|x64.ActiveCfg = Debug|x64
		{607304D3-7806-4972-9564-30327DA13D0F}.Debug|x64.Build.0 = Debug|x64
		{607304D3-7806-4972-9564-30327DA13D0F}.Debug|x86.ActiveCfg = Debug|Win32
		{607304D3-7806-4972-9564-30327DA13D0F}.Debug|x86.Build.0 = Debug|Win32
		{607304D3-7806-4972-9564-30327DA13D0F}.Release|x64.ActiveCfg = Release|x64
		{607304D3-7806-4972-9564-30327DA13D0F}.Release|x64.Build.0 = Release|x64
		{607304D3-7806-4972-9564-30327DA13D0F}.Release|x86.ActiveCfg = Release|Win32
		{607304D3-7806-4972-9564-30327DA13D0F}.Release|x86.Build.0 = Release|Win32
		{924F17C6-5F0F-4CAF-9835-395E9CEBA6C7}.Debug|x64.ActiveCfg = Debug|x64
		{924F17C6-5F0F-4CAF-9835-395E9CEBA6C7}.Debug|x64.Build.0 = Debug|x64
		{924F17C6-5F0F-4CAF-9835-395E9CEBA6C7}.Debug|x86.ActiveCfg = Debug|Win32
		{924F17C6-5F0F-4CAF-9835-395E9CEBA6C7}.Debug|x86.Build.0 = Debug|Win32
		{924F17C6-5F0F-4CAF-9835-395E9CEBA6C7}.Release|x64.ActiveCfg = Release|x64
		{924F17C6-5F0F-4CAF-9835-395E9CEBA6C7}.Release|x64.Build.0 = Release|x64
		{924F17C6-5F0F-4CAF-9835-395E9CEBA6C7}.Release|x86.ActiveCfg = Release|Win32
		{924F17C6-5F0F-4CAF-9835-395E9CEBA6C7}.Release|x86.Build.0 = Release|Win32
		{010BAF3E-12D6-4D08-A112-ED37A23DF5CD}.Debug|x64.ActiveCfg = Debug|x64
		{010BAF3E-12D6-4D08-A112-ED37A23DF5CD}.Debug|x64.Build.0 = Debug|x64
		{010BAF3E-12D6-4D08-A112-ED37A23DF5CD}.Debug|x86.ActiveCfg = Debug|Win32
		{010BAF3E-12D6-4D08-A112-ED37A23DF5CD}.Debug|x86.Build.0 = Debug|Win32
		{010BAF3E-12D6-4D08-A112-ED37A23DF5CD}.Release|x64.ActiveCfg = Release|x64
		{010BAF3E-12D6-4D08-A112-ED37A23DF5CD}.Release|x64.Build.0 = Release|x64
		{010BAF3E-12D6-4D08-A112-ED37A23DF5CD}.Release|x86.ActiveCfg = Release|Win32
		{010BAF3E-12D6-4D08-A112-ED37A23DF5CD}.Release|x86.Build.0 = Release|Win32
		{0A63B941-4E7F-4C51-BFB4-27BDD584054C}.Debug|x64.ActiveCfg = Debug|x64
		{0A63B941-4E7F-4C51-BFB4-27BDD584054C}.Debug|x64.Build.0 = Debug|x64
		{0A63B941-4E7F-4C51-BFB4-27BDD584054C}.Debug|x86.ActiveCfg = Debug|Win32
		{0A63B941-4E7F-4C51-BFB4-27BDD584054C}.Debug|x86.Build.0 = Debug|Win32
		{0A63B941-4E7F-4C51-BFB4-27BDD584054C}.Release|x64.ActiveCfg = Release|x64
		{0A63B941-4E7F-4C51-BFB4-27BDD584054C}.Release|x64.Build.0 = Release|x64
		{0A63B941-4E7F-4C51-BFB4-27BDD584054C}.Release|x86.ActiveCfg = Release|Win32
		{0A63B941-4E7F-4C51-BFB4-27BDD584054C}.Release|x86.Build.0 = Release|Win32
		{782C79F4-29D1-47B6-AB36-5A9F0402DA33}.Debug|x64.ActiveCfg = Debug|x64
		{782C79F4-29D1-47B6-AB36-5A9F0402DA33}.Debug|x64.Build.0 = Debug|x64
		{782C79F4-29D1-47B6-AB36-5A9F0402DA33}.Debug|x86.ActiveCfg = Debug|Win32
		{782C79F4-29D1-47B6-AB36-5A9F0402DA33}.Debug|x86.Build.0 = Debug|Win32
		{782C79F4-29D1-47B6-AB36-5A9F0402DA33}.Release|x64.ActiveCfg = Release|x64
		{782C79F4-29D1-47B6-AB36-5A9F0402DA33}.Release|x64.Build.0 = Release|x64
		{782C79F4-29D1-47B6-AB36-5A9F0402DA33}.Release|x86.ActiveCfg = Release|Win32
		{782C79F4-29D1-47B6-AB36-5A9F0402DA33}.Release|x86.Build.0 = Release|Win32
		{4885B7A1-11C1-4916-A37C-9CD0CD9084FE}.Debug|x64.ActiveCfg = Debug|x64
		{4885B7A1-11C1-4916-A37C-9CD0CD9084FE}.Debug|x64.Build.0 = Debug|x64
		{4885B7A1-11C1-4916-A37C-9CD0CD9084FE}.Debug|x86.ActiveCfg = Debug|Win32
		{4885B7A1-11C1-4916-A37C-9CD0CD9084FE}.Debug|x86.Build.0 = Debug|Win32
		{4885B7A1-11C1-4916-A37C-9CD0CD9084FE}.Release|x64.ActiveCfg = Release|x64
		{4885B7A1-11C1-4916-A37C-9CD0CD9084FE}.Release|x64.Build.0 = Release|x64
		{4885B7A1-11C1-4916-A37C-9CD0CD9084FE}.Release|x86.ActiveCfg = Release|Win32
		{4885B7A1-11C1-4916-A37C-9CD0CD9084FE}.Release|x86.Build.0 = Release|Win32
		{BCC98C29-96FE-4584-89F7-3979A4232D4E}.Debug|x64.ActiveCfg = Debug|x64
		{BCC98C29-96FE-4584-89F7-3979A4232D4E}.Debug|x64.Build.0 = Debug|x64
		{BCC98C29-96FE-4584-89F7-3979A4232D4E}.Debug|x86.ActiveCfg = Debug|Win32
		{BCC98C29-96FE-4584-89F7-3979A4232D4E}.Debug|x86.Build.0 = Debug|Win32
		{BCC98C29-96FE-4584-89F7-3979A4232D4E}.Release|x64.ActiveCfg = Release|x64
		{BCC98C29-96FE-4584-89F7-3979A4232D4E}.Release|x64.Build.0 = Release|x64
		{BCC98C29-96FE-4584-89F7-3979A4232D4E}.Release|x86.ActiveCfg = Release|Win32
		{BCC98C29-96FE-4584-89F7-3979A4232D4E}.Release|x86.Build.0 = Release|Win32
		{5FEC12AC-B6BC-4E39-B7B4-1DC8F497937E}.Debug|x64.ActiveCfg = Debug|x64
		{5FEC12AC-B6BC-4E39-B7B4-1DC8F497937E}.Debug|x64.Build.0 = Debug|x64
		{5FEC12AC-B6BC-4E39-B7B4-1DC8F497937E}.Debug|x86.ActiveCfg = Debug|Win32
		{5FEC12AC-B6BC-4E39-B7B4-1DC8F497937E}.Debug|x86.Build.0 = Debug|Win32
		{5FEC12AC-B6BC-4E39-B7B4-1DC8F497937E}.Release|x64.ActiveCfg = Release|x64
		{5FEC12AC-B6BC-4E39-B7B4-1DC8F497937E}.Release|x64.Build.0 = Release|x64
		{5FEC12AC-B6BC-4E39-B7B4-1DC8F497937E}.Release|x86.ActiveCfg = Release|Win32
		{5FEC12AC-B6BC-4E39-B7B4-1DC8F497937E}.Release|x86.Build.0 = Release|Win32
		{5F5A579A-8A07-4F11-B93C-F3812C431A19}.Debug|x64.ActiveCfg = Debug|x64
		{5F5A579A-8A07-4F11-B93C-F3812C431A19}.Debug|x64.Build.0 = Debug|x64
		{5F5A579A-8A07-4F11-B93C-F3812C431A19}.Debug|x86.ActiveCfg = Debug|Win32
		{5F5A579A-8A07-4F11-B93C-F3812C431A19}.Debug|x86.Build.0 = Debug|Win32
		{5F5A579A-8A07-4F11-B93C-F3812C431A19}.Release|x64.ActiveCfg = Release|x64
		{5F5A579A-8A07-4F11-B93C-F3812C431A19}.Release|x64.Build.0 = Release|x64
		{5F5A579A-8A07-4F11-B93C-F3812C431A19}.Release|x86.ActiveCfg = Release|Win32
		{5F5A579A-8A07-4F11-B93C-F3812C431A19}.Release|x86.Build.0 = Release|Win32
		{265C105B-AB8F-4E40-B910-67386A957D9D}.Debug|x64.ActiveCfg = Debug|x64
		{265C105B-AB8F-4E40-B910-67386A957D9D}.Debug|x64.Build.0 = Debug|x64
		{265C105B-AB8F-4E40-B910-67386A957D9D}.Debug|x86.ActiveCfg = Debug|Win32
		{265C105B-AB8F-4E40-B910-67386A957D9D}.Debug|x86.Build.0 = Debug|Win32
		{265C105B-AB8F-4E40-B910-67386A957D9D}.Release|x64.ActiveCfg = Release|x64
		{265C105B-AB8F-4E40-B910-67386A957D9D}.Release|x64.Build.0 = Release|x64
		{265C105B-AB8F-4E40-B910-67386A957D9D}.Release|x86.ActiveCfg = Release|Win32
		{265C105B-AB8F-4E40-B910-67386A957D9D}.Release|x86.Build.0 = Release|Win32
		{2C2C2574-9D08-47ED-A24B-9274249C453D}.Debug|x64.ActiveCfg = Debug|x64
		{2C2C2574-9D08-47ED-A24B-9274249C453D}.Debug|x64.Build.0 = Debug|x64
		{2C2C2574-9D08-47ED-A24B-9274249C453D}.Debug|x86.ActiveCfg = Debug|Win32
		{2C2C2574-9D08-47ED-A24B-9274249C453D}.Debug|x86.Build.0 = Debug|Win32
		{2C2C2574-9D08-47ED-A24B-9274249C453D}.Release|x64.ActiveCfg = Release|x64
		{2C2C2574-9D08-47ED-A24B-9274249C453D}.Release|x64.Build.0 = Release|x64
		{2C2C2574-9D08-47ED-A24B-9274249C453D}.Release|x86.ActiveCfg = Release|Win32
		{2C2C2574-9D08-47ED-A24B-9274249C453D}.Release|x86.Build.0 = Release|Win32
		{EDB73E67-237F-4EF2-9BA9-3A862D0E91DE}.Debug|x64.ActiveCfg = Debug|x64
		{EDB73E67-237F-4EF2-9BA9-3A862D0E91DE}.Debug|x64.Build.0 = Debug|x64
		{EDB73E67-237F-4EF2-9BA9-3A862D0E91DE}.Debug|x86.ActiveCfg = Debug|Win32
		{EDB73E67-237F-4EF2-9BA9-3A862D0E91DE}.Debug|x86.Build.0 = Debug|Win32
		{EDB73E67-237F-4EF2-9BA9-3A862D0E91DE}.Release|x64.ActiveCfg = Release|x64
		{EDB73E67-237F-4EF2-9BA9-3A862D0E91DE}.Release|x64.Build.0 = Release|x64
		{EDB73E67-237F-4EF2-9BA9-3A862D0E91DE}.Release|x86.ActiveCfg = Release|Win32
		{EDB73E67-237F-4EF2-9BA9-3A862D0E91DE}.Release|x86.Build.0 = Release|Win32
		{EE803683-82BF-4060-BB26-2454D0E8DD1E}.Debug|x64.ActiveCfg = Debug|x64
		{EE803683-82BF-4060-BB26-2454D0E8DD1E}.Debug|x64.Build.0 = Debug|x64
		{EE803683-82BF-4060-BB26-2454D0E8DD1E}.Debug|x86.ActiveCfg = Debug|Win32
		{EE803683-82BF-4060-BB26-2454D0E8DD1E}.Debug|x86.Build.0 = Debug|Win32
		{EE803683-82BF-4060-BB26-2454D0E8DD1E}.Release|x64.ActiveCfg = Release|x64
		{EE803683-82BF-4060-BB26-2454D0E8DD1E}.Release|x64.Build.0 = Release|x64
		{EE803683-82BF-4060-BB26-2454D0E8DD1E}.Release|x86.ActiveCfg = Release|Win32
		{EE803683-82BF-4060-BB26-2454D0E8DD1E}.Release|x86.Build.0 = Release|Win32
		{DCA5AD39-6857-45A8-89A9-31C735C85682}.Debug|x64.ActiveCfg = Debug|x64
		{DCA5AD39-6857-45A8-89A9-31C735C85682}.Debug|x64.Build.0 = Debug|x64
		{DCA5AD39-6857-45A8-89A9-31C735C85682}.Debug|x86.ActiveCfg = Debug|Win32
		{DCA5AD39-6857-45A8-89A9-31C735C85682}.Debug|x86.Build.0 = Debug|Win32
		{DCA5AD39-6857-45A8-89A9-31C735C85682}.Release|x64.ActiveCfg = Release|x64
		{DCA5AD39-6857-45A8-89A9-31C735C85682}.Release|x64.Build.0 = Release|x64
		{DCA5AD39-6857-45A8-89A9-31C735C85682}.Release|x86.ActiveCfg = Release|Win32
		{DCA5AD39-6857-45A8-89A9-31C735C85682}.Release|x86.Build.0 = Release|Win32
		{003D4652-BDA4-4BC5-B93F-32D8D17F1BA6}.Debug|x64.ActiveCfg = Debug|x64
		{003D4652-BDA4-4BC5-B93F-32D8D17F1BA6}.Debug|x64.Build.0 = Debug|x64
		{003D4652-BDA4-4BC5-B93F-32D8D17F1BA6}.Debug|x86.ActiveCfg = Debug|Win32
		{003D4652-BDA4-4BC5-B93F-32D8D17F1BA6}.Debug|x86.Build.0 = Debug|Win32
		{003D4652-BDA4-4BC5-B93F-32D8D17F1BA6}.Release|x64.ActiveCfg = Release|x64
		{003D4652-BDA4-4BC5-B93F-32D8D17F1BA6}.Release|x64.Build.0 = Release|x64
		{003D4652-BDA4-4BC5-B93F-32D8D17F1BA6}.Release|x86.ActiveCfg = Release|Win32
		{003D4652-BDA4-4BC5-B93F-32D8D17F1BA6}.Release|x86.Build.0 = Release|Win32
		{248D7826-6834-4AE0-BC95-89039F8FEF3C}.Debug|x64.ActiveCfg = Debug|x64
		{248D7826-6834-4AE0-BC95-89039F8FEF3C}.Debug|x64.Build.0 = Debug|x64
		{248D7826-6834-4AE0-BC95-89039F8FEF3C}.Debug|x86.ActiveCfg = Debug|Win32
		{248D7826-6834-4AE0-BC95-89039F8FEF3C}.Debug|x86.Build.0 = Debug|Win32
		{248D7826-6834-4AE0-BC95-89039F8FEF3C}.Release|x64.ActiveCfg = Release|x64
		{248D7826-6834-4AE0-BC95-89039F8FEF3C}.Release|x64.Build.0 = Release|x64
		{248D7826-6834-4AE0-BC95-89039F8FEF3C}.Release|x86.ActiveCfg = Release|Win32
		{248D7826-6834-4AE0-BC95-89039F8FEF3C}.Release|x86.Build.0 = Release|Win32
		{DD86C852-3ECD-43D9-BBFA-DA43B742421E}.Debug|x64.ActiveCfg = Debug|x64
		{DD86C852-3ECD-43D9-BBFA-DA43B742421E}.Debug|x64.Build.0 = Debug|x64
		{DD86C852-3ECD-43D9-BBFA-DA43B742421E}.Debug|x86.ActiveCfg = Debug|Win32
		{DD86C852-3ECD-43D9-BBFA-DA43B742421E}.Debug|x86.Build.0 = Debug|Win32
		{DD86C852-3ECD-43D9-BBFA-DA43B742421E}.Release|x64.ActiveCfg = Release|x64
		{DD86C852-3ECD-43D9-BBFA-DA43B742421E}.Release|x64.Build.0 = Release|x64
		{DD86C852-3ECD-43D9-BBFA-DA43B742421E}.Release|x86.ActiveCfg = Release|Win32
		{DD86C852-3ECD-43D9-BBFA-DA43B742421E}.Release|x86.Build.0 = Release|Win32
		{67EF1E71-617B-44BA-BA35-2A92ED8BBD96}.Debug|x64.ActiveCfg = Debug|x64
		{67EF1E71-617B-44BA-BA35-2A92ED8BBD96}.Debug|x64.Build.0 = Debug|x64
		{67EF1E71-617B-44BA-BA35-2A92ED8BBD96}.Debug|x86.ActiveCfg = Debug|Win32
		{67EF1E71-617B-44BA-BA35-2A92ED8BBD96}.Debug|x86.Build.0 = Debug|Win32
		{67EF1E71-617B-44BA-BA35-2A92ED8BBD96}.Release|x64.ActiveCfg = Release|x64
		{67EF1E71-617B-44BA-BA35-2A92ED8BBD96}.Release|x64.Build.0 = Release|x64
		{67EF1E71-617B-44BA-BA35-2A92ED8BBD96}.Release|x86.ActiveCfg = Release|Win32
		{67EF1E71-617B-44BA-BA35-2A92ED8BBD96}.Release|x86.Build.0 = Release|Win32
	EndGlobalSection
	GlobalSection(SolutionProperties) = preSolution
		HideSolutionNode = FALSE
	EndGlobalSection
	GlobalSection(NestedProjects) = preSolution
		{AA158CD3-8152-4423-AC54-FC1216C62F14} = {4C489EC2-CAB8-4245-B62B-F3D4DAF8D83D}
		{3D37CEA9-4AB6-4CD6-BC2D-9EA36D452390} = {4C489EC2-CAB8-4245-B62B-F3D4DAF8D83D}
		{5697702A-DD8E-4675-A65A-B05B6C5D9D8B} = {4C489EC2-CAB8-4245-B62B-F3D4DAF8D83D}
		{7D11F6AE-DA55-4BC7-8DDA-BAB3BCEC2DC5} = {4C489EC2-CAB8-4245-B62B-F3D4DAF8D83D}
		{F8334EB8-1E23-4CCA-B2A7-3AA88B8965DE} = {4C489EC2-CAB8-4245-B62B-F3D4DAF8D83D}
		{F714475C-9B09-4A56-8FD0-9EE163F966D9} = {4C489EC2-CAB8-4245-B62B-F3D4DAF8D83D}
		{6B9E0D5A-8137-423B-8368-6E1D944A4A44} = {4C489EC2-CAB8-4245-B62B-F3D4DAF8D83D}
		{389CFF03-2AF0-4769-A90A-233BC0031E6E} = {4C489EC2-CAB8-4245-B62B-F3D4DAF8D83D}
		{BDC9BC52-1137-4CAA-9A09-92D110C49213} = {4C489EC2-CAB8-4245-B62B-F3D4DAF8D83D}
		{82C8CD30-AB2E-4245-BFFB-01229AD52F11} = {4C489EC2-CAB8-4245-B62B-F3D4DAF8D83D}
		{90D0FA3F-93C9-45AD-9C05-7584515B3208} = {4C489EC2-CAB8-4245-B62B-F3D4DAF8D83D}
		{111F0D19-49EF-4B8F-9D23-D0DEEC1724FA} = {4C489EC2-CAB8-4245-B62B-F3D4DAF8D83D}
		{AF841B01-21A4-4269-9077-91C11C84E4C0} = {4C489EC2-CAB8-4245-B62B-F3D4DAF8D83D}
		{5EBBD036-0E33-4895-B807-2C94D63C6410} = {4C489EC2-CAB8-4245-B62B-F3D4DAF8D83D}
		{B48B7F5A-6A0A-43E2-8A18-145E7DFB09B0} = {4C489EC2-CAB8-4245-B62B-F3D4DAF8D83D}
		{68DB24BE-4408-4A3F-8CD8-3785A9482C82} = {4C489EC2-CAB8-4245-B62B-F3D4DAF8D83D}
		{F8F64312-0ABB-4410-9239-6356DB83CBD3} = {4C489EC2-CAB8-4245-B62B-F3D4DAF8D83D}
		{2FD2DED6-1885-4303-9FE9-026E7E2F2805} = {4C489EC2-CAB8-4245-B62B-F3D4DAF8D83D}
		{5709DC45-36F1-412B-A97C-9BEC2D98A621} = {4C489EC2-CAB8-4245-B62B-F3D4DAF8D83D}
		{417A5FC7-BA18-4A70-A1FE-A4BB69B2F28B} = {4C489EC2-CAB8-4245-B62B-F3D4DAF8D83D}
		{09A4C68D-BDF2-4B61-AD1D-402A075654EA} = {4C489EC2-CAB8-4245-B62B-F3D4DAF8D83D}
		{607304D3-7806-4972-9564-30327DA13D0F} = {4C489EC2-CAB8-4245-B62B-F3D4DAF8D83D}
		{924F17C6-5F0F-4CAF-9835-395E9CEBA6C7} = {4C489EC2-CAB8-4245-B62B-F3D4DAF8D83D}
		{4885B7A1-11C1-4916-A37C-9CD0CD9084FE} = {4C489EC2-CAB8-4245-B62B-F3D4DAF8D83D}
		{BCC98C29-96FE-4584-89F7-3979A4232D4E} = {4C489EC2-CAB8-4245-B62B-F3D4DAF8D83D}
		{5FEC12AC-B6BC-4E39-B7B4-1DC8F497937E} = {4C489EC2-CAB8-4245-B62B-F3D4DAF8D83D}
		{5F5A579A-8A07-4F11-B93C-F3812C431A19} = {4C489EC2-CAB8-4245-B62B-F3D4DAF8D83D}
		{265C105B-AB8F-4E40-B910-67386A957D9D} = {4C489EC2-CAB8-4245-B62B-F3D4DAF8D83D}
		{2C2C2574-9D08-47ED-A24B-9274249C453D} = {4C489EC2-CAB8-4245-B62B-F3D4DAF8D83D}
		{EDB73E67-237F-4EF2-9BA9-3A862D0E91DE} = {4C489EC2-CAB8-4245-B62B-F3D4DAF8D83D}
		{EE803683-82BF-4060-BB26-2454D0E8DD1E} = {4C489EC2-CAB8-4245-B62B-F3D4DAF8D83D}
		{DCA5AD39-6857-45A8-89A9-31C735C85682} = {4C489EC2-CAB8-4245-B62B-F3D4DAF8D83D}
	EndGlobalSection
EndGlobal
